
Microsoft Visual Studio Solution File, Format Version 12.00
# Visual Studio Version 17
VisualStudioVersion = 17.4.33122.133
MinimumVisualStudioVersion = 10.0.40219.1
Project("{FAE04EC0-301F-11D3-BF4B-00C04F79EFBC}") = "DayThree-AOC", "DayThree-AOC\DayThree-AOC.csproj", "{EC88137E-777C-41D6-9E2E-380DEE91902C}"
EndProject
Global
	GlobalSection(SolutionConfigurationPlatforms) = preSolution
		Debug|Any CPU = Debug|Any CPU
		Release|Any CPU = Release|Any CPU
	EndGlobalSection
	GlobalSection(ProjectConfigurationPlatforms) = postSolution
		{EC88137E-777C-41D6-9E2E-380DEE91902C}.Debug|Any CPU.ActiveCfg = Debug|Any CPU
		{EC88137E-777C-41D6-9E2E-380DEE91902C}.Debug|Any CPU.Build.0 = Debug|Any CPU
		{EC88137E-777C-41D6-9E2E-380DEE91902C}.Release|Any CPU.ActiveCfg = Release|Any CPU
		{EC88137E-777C-41D6-9E2E-380DEE91902C}.Release|Any CPU.Build.0 = Release|Any CPU
	EndGlobalSection
	GlobalSection(SolutionProperties) = preSolution
		HideSolutionNode = FALSE
	EndGlobalSection
	GlobalSection(ExtensibilityGlobals) = postSolution
		SolutionGuid = {41173190-E8B9-4744-BE72-59E5C59BE02D}
	EndGlobalSection
EndGlobal
