
Microsoft Visual Studio Solution File, Format Version 12.00
# Visual Studio Version 17
VisualStudioVersion = 17.4.33122.133
MinimumVisualStudioVersion = 10.0.40219.1
Project("{FAE04EC0-301F-11D3-BF4B-00C04F79EFBC}") = "DayTwo-AOC", "DayTwo-AOC\DayTwo-AOC.csproj", "{EE774CF2-7340-4B16-A22E-44D5E643FFE8}"
EndProject
Global
	GlobalSection(SolutionConfigurationPlatforms) = preSolution
		Debug|Any CPU = Debug|Any CPU
		Release|Any CPU = Release|Any CPU
	EndGlobalSection
	GlobalSection(ProjectConfigurationPlatforms) = postSolution
		{EE774CF2-7340-4B16-A22E-44D5E643FFE8}.Debug|Any CPU.ActiveCfg = Debug|Any CPU
		{EE774CF2-7340-4B16-A22E-44D5E643FFE8}.Debug|Any CPU.Build.0 = Debug|Any CPU
		{EE774CF2-7340-4B16-A22E-44D5E643FFE8}.Release|Any CPU.ActiveCfg = Release|Any CPU
		{EE774CF2-7340-4B16-A22E-44D5E643FFE8}.Release|Any CPU.Build.0 = Release|Any CPU
	EndGlobalSection
	GlobalSection(SolutionProperties) = preSolution
		HideSolutionNode = FALSE
	EndGlobalSection
	GlobalSection(ExtensibilityGlobals) = postSolution
		SolutionGuid = {7B38300D-509F-4B39-9982-B8F0959B5884}
	EndGlobalSection
EndGlobal
